// !$*UTF8*$!
{
	archiveVersion = 1;
	classes = {
	};
	objectVersion = 46;
	objects = {

/* Begin PBXBuildFile section */
		1806476D1AD6019800BF2FCD /* httpser.m in Sources */ = {isa = PBXBuildFile; fileRef = 1806476C1AD6019800BF2FCD /* httpser.m */; };
		180647701AD61A8900BF2FCD /* httpconst.m in Sources */ = {isa = PBXBuildFile; fileRef = 1806476F1AD61A8900BF2FCD /* httpconst.m */; };
		180647761AD64B1200BF2FCD /* httpsersub.m in Sources */ = {isa = PBXBuildFile; fileRef = 180647751AD64B1200BF2FCD /* httpsersub.m */; };
		1806A0C8194AEBA000B6C1AC /* DeviceViewCell.m in Sources */ = {isa = PBXBuildFile; fileRef = 1806A0C7194AEBA000B6C1AC /* DeviceViewCell.m */; };
		1806A0CA194AF1CB00B6C1AC /* QuartzCore.framework in Frameworks */ = {isa = PBXBuildFile; fileRef = 1806A0C9194AF1CB00B6C1AC /* QuartzCore.framework */; };
		18074D631932DEBB00F87922 /* BookmarkViewController.m in Sources */ = {isa = PBXBuildFile; fileRef = 18074D621932DEBB00F87922 /* BookmarkViewController.m */; };
		18074D661933474800F87922 /* EcoaTabViewController.m in Sources */ = {isa = PBXBuildFile; fileRef = 18074D651933474800F87922 /* EcoaTabViewController.m */; };
		180E78831952C4E40020953F /* EcoaSipManager.m in Sources */ = {isa = PBXBuildFile; fileRef = 180E78821952C4E40020953F /* EcoaSipManager.m */; };
		180E78861952C6620020953F /* CallView.m in Sources */ = {isa = PBXBuildFile; fileRef = 180E78851952C6620020953F /* CallView.m */; };
		180E78891952C8D10020953F /* dialpad.m in Sources */ = {isa = PBXBuildFile; fileRef = 180E78881952C8D10020953F /* dialpad.m */; };
		18101E3F1940628F0064A117 /* BookmarkViewCell.m in Sources */ = {isa = PBXBuildFile; fileRef = 18101E3E1940628F0064A117 /* BookmarkViewCell.m */; };
		1815F91C1989CB7D008AE7A3 /* MainController.m in Sources */ = {isa = PBXBuildFile; fileRef = 1815F91B1989CB7D008AE7A3 /* MainController.m */; };
		18166B3019416B5100A9FCE9 /* SmarthomeViewController.m in Sources */ = {isa = PBXBuildFile; fileRef = 18166B2F19416B5100A9FCE9 /* SmarthomeViewController.m */; };
		18166B3319416E6400A9FCE9 /* CustomIOS7AlertView.m in Sources */ = {isa = PBXBuildFile; fileRef = 18166B3219416E6400A9FCE9 /* CustomIOS7AlertView.m */; };
		183DAED3192AE77E0061AB7C /* SipPhoneViewController.m in Sources */ = {isa = PBXBuildFile; fileRef = 183DAED2192AE77E0061AB7C /* SipPhoneViewController.m */; };
		183FC61219234606000070F1 /* Foundation.framework in Frameworks */ = {isa = PBXBuildFile; fileRef = 183FC61119234606000070F1 /* Foundation.framework */; };
		183FC61419234606000070F1 /* CoreGraphics.framework in Frameworks */ = {isa = PBXBuildFile; fileRef = 183FC61319234606000070F1 /* CoreGraphics.framework */; };
		183FC61619234606000070F1 /* UIKit.framework in Frameworks */ = {isa = PBXBuildFile; fileRef = 183FC61519234606000070F1 /* UIKit.framework */; };
		183FC61C19234606000070F1 /* InfoPlist.strings in Resources */ = {isa = PBXBuildFile; fileRef = 183FC61A19234606000070F1 /* InfoPlist.strings */; };
		183FC61E19234606000070F1 /* main.m in Sources */ = {isa = PBXBuildFile; fileRef = 183FC61D19234606000070F1 /* main.m */; };
		183FC62219234606000070F1 /* AppDelegate.m in Sources */ = {isa = PBXBuildFile; fileRef = 183FC62119234606000070F1 /* AppDelegate.m */; };
		183FC62519234606000070F1 /* Main_iPhone.storyboard in Resources */ = {isa = PBXBuildFile; fileRef = 183FC62319234606000070F1 /* Main_iPhone.storyboard */; };
		183FC62819234606000070F1 /* Main_iPad.storyboard in Resources */ = {isa = PBXBuildFile; fileRef = 183FC62619234606000070F1 /* Main_iPad.storyboard */; };
		183FC62B19234606000070F1 /* ViewController.m in Sources */ = {isa = PBXBuildFile; fileRef = 183FC62A19234606000070F1 /* ViewController.m */; };
		183FC62D19234606000070F1 /* Images.xcassets in Resources */ = {isa = PBXBuildFile; fileRef = 183FC62C19234606000070F1 /* Images.xcassets */; };
		183FC63419234606000070F1 /* XCTest.framework in Frameworks */ = {isa = PBXBuildFile; fileRef = 183FC63319234606000070F1 /* XCTest.framework */; };
		183FC63519234606000070F1 /* Foundation.framework in Frameworks */ = {isa = PBXBuildFile; fileRef = 183FC61119234606000070F1 /* Foundation.framework */; };
		183FC63619234606000070F1 /* UIKit.framework in Frameworks */ = {isa = PBXBuildFile; fileRef = 183FC61519234606000070F1 /* UIKit.framework */; };
		183FC63E19234606000070F1 /* InfoPlist.strings in Resources */ = {isa = PBXBuildFile; fileRef = 183FC63C19234606000070F1 /* InfoPlist.strings */; };
		183FC64019234606000070F1 /* EcoaSmarthomeTests.m in Sources */ = {isa = PBXBuildFile; fileRef = 183FC63F19234606000070F1 /* EcoaSmarthomeTests.m */; };
		183FC64E192346A0000070F1 /* EcoaDBHelper.m in Sources */ = {isa = PBXBuildFile; fileRef = 183FC64A192346A0000070F1 /* EcoaDBHelper.m */; };
		183FC64F192346A0000070F1 /* EcoaViewController.m in Sources */ = {isa = PBXBuildFile; fileRef = 183FC64C192346A0000070F1 /* EcoaViewController.m */; };
		183FC655192346FA000070F1 /* LoginViewController.m in Sources */ = {isa = PBXBuildFile; fileRef = 183FC652192346FA000070F1 /* LoginViewController.m */; };
		183FC656192346FA000070F1 /* SettingViewController.m in Sources */ = {isa = PBXBuildFile; fileRef = 183FC654192346FA000070F1 /* SettingViewController.m */; };
		183FC66819234900000070F1 /* libsqlite3.0.dylib in Frameworks */ = {isa = PBXBuildFile; fileRef = 183FC66719234900000070F1 /* libsqlite3.0.dylib */; };
		183FC66B19234D51000070F1 /* Localizable.strings in Resources */ = {isa = PBXBuildFile; fileRef = 183FC66D19234D51000070F1 /* Localizable.strings */; };
		183FC67419235DCB000070F1 /* ViewTransitionObject.m in Sources */ = {isa = PBXBuildFile; fileRef = 183FC67319235DCB000070F1 /* ViewTransitionObject.m */; };
		1848D6D11995C82B007E7242 /* LoginController.m in Sources */ = {isa = PBXBuildFile; fileRef = 1848D6D01995C82B007E7242 /* LoginController.m */; };
		1850FC47194E93280044C44F /* DeviceDataView.m in Sources */ = {isa = PBXBuildFile; fileRef = 1850FC46194E93280044C44F /* DeviceDataView.m */; };
		186F0DA9195191150005B487 /* CallViewController.m in Sources */ = {isa = PBXBuildFile; fileRef = 186F0DA8195191150005B487 /* CallViewController.m */; };
		187C76A11A5A870C00C81805 /* CFNetwork.framework in Frameworks */ = {isa = PBXBuildFile; fileRef = 187C76A01A5A870C00C81805 /* CFNetwork.framework */; };
		18A317DD1A7A2E3400DF74C1 /* AudioToolbox.framework in Frameworks */ = {isa = PBXBuildFile; fileRef = 18A317DC1A7A2E3400DF74C1 /* AudioToolbox.framework */; };
		18AD76A31A36A4E6004F9D69 /* NewCityController.m in Sources */ = {isa = PBXBuildFile; fileRef = 18AD76A21A36A4E6004F9D69 /* NewCityController.m */; };
		18AF860F1AAFDDD100E83DB6 /* oldphone_mono.wav in Resources */ = {isa = PBXBuildFile; fileRef = 18AF860E1AAFDDD100E83DB6 /* oldphone_mono.wav */; };
		18B1BFB3192EE648000BA7AF /* FirstSettingController.m in Sources */ = {isa = PBXBuildFile; fileRef = 18B1BFB2192EE648000BA7AF /* FirstSettingController.m */; };
		18B9A01719470154000FB514 /* BookmarkDataView.m in Sources */ = {isa = PBXBuildFile; fileRef = 18B9A01619470154000FB514 /* BookmarkDataView.m */; };
		18BA8238193F212500CE050C /* AddBookmarkController.m in Sources */ = {isa = PBXBuildFile; fileRef = 18BA8237193F212500CE050C /* AddBookmarkController.m */; };
		18BF4F301A53A058001692DA /* AlarmViewCell.m in Sources */ = {isa = PBXBuildFile; fileRef = 18BF4F2F1A53A058001692DA /* AlarmViewCell.m */; };
		18CB54C11A6F92A3004D8C35 /* AlarmManager.m in Sources */ = {isa = PBXBuildFile; fileRef = 18CB54C01A6F92A3004D8C35 /* AlarmManager.m */; };
		18EBB084195C055F00B9673B /* SessionManager.m in Sources */ = {isa = PBXBuildFile; fileRef = 18EBB083195C055F00B9673B /* SessionManager.m */; };
		8DD9F3DCB1D444D4B669FB78 /* libPods.a in Frameworks */ = {isa = PBXBuildFile; fileRef = D4C7CDF38BF74C5BA1727830 /* libPods.a */; };
/* End PBXBuildFile section */

/* Begin PBXContainerItemProxy section */
		183FC63719234606000070F1 /* PBXContainerItemProxy */ = {
			isa = PBXContainerItemProxy;
			containerPortal = 183FC60619234606000070F1 /* Project object */;
			proxyType = 1;
			remoteGlobalIDString = 183FC60D19234606000070F1;
			remoteInfo = EcoaSmarthome;
		};
/* End PBXContainerItemProxy section */

/* Begin PBXFileReference section */
		1806476B1AD6019800BF2FCD /* httpser.h */ = {isa = PBXFileReference; fileEncoding = 4; lastKnownFileType = sourcecode.c.h; name = httpser.h; path = "../../../../../apple/Documents/apple app workspace/EcoaSmarthome/EcoaSmarthome/httpser.h"; sourceTree = "<group>"; };
		1806476C1AD6019800BF2FCD /* httpser.m */ = {isa = PBXFileReference; fileEncoding = 4; lastKnownFileType = sourcecode.c.objc; name = httpser.m; path = "../../../../../apple/Documents/apple app workspace/EcoaSmarthome/EcoaSmarthome/httpser.m"; sourceTree = "<group>"; };
		1806476E1AD61A8900BF2FCD /* httpconst.h */ = {isa = PBXFileReference; fileEncoding = 4; lastKnownFileType = sourcecode.c.h; name = httpconst.h; path = "../../../../../apple/Documents/apple app workspace/EcoaSmarthome/EcoaSmarthome/httpconst.h"; sourceTree = "<group>"; };
		1806476F1AD61A8900BF2FCD /* httpconst.m */ = {isa = PBXFileReference; fileEncoding = 4; lastKnownFileType = sourcecode.c.objc; name = httpconst.m; path = "../../../../../apple/Documents/apple app workspace/EcoaSmarthome/EcoaSmarthome/httpconst.m"; sourceTree = "<group>"; };
		180647741AD64B1200BF2FCD /* httpsersub.h */ = {isa = PBXFileReference; fileEncoding = 4; lastKnownFileType = sourcecode.c.h; name = httpsersub.h; path = "../../../../../apple/Documents/apple app workspace/EcoaSmarthome/EcoaSmarthome/httpsersub.h"; sourceTree = "<group>"; };
		180647751AD64B1200BF2FCD /* httpsersub.m */ = {isa = PBXFileReference; fileEncoding = 4; lastKnownFileType = sourcecode.c.objc; name = httpsersub.m; path = "../../../../../apple/Documents/apple app workspace/EcoaSmarthome/EcoaSmarthome/httpsersub.m"; sourceTree = "<group>"; };
		1806A0C6194AEBA000B6C1AC /* DeviceViewCell.h */ = {isa = PBXFileReference; fileEncoding = 4; lastKnownFileType = sourcecode.c.h; path = DeviceViewCell.h; sourceTree = "<group>"; };
		1806A0C7194AEBA000B6C1AC /* DeviceViewCell.m */ = {isa = PBXFileReference; fileEncoding = 4; lastKnownFileType = sourcecode.c.objc; path = DeviceViewCell.m; sourceTree = "<group>"; };
		1806A0C9194AF1CB00B6C1AC /* QuartzCore.framework */ = {isa = PBXFileReference; lastKnownFileType = wrapper.framework; name = QuartzCore.framework; path = System/Library/Frameworks/QuartzCore.framework; sourceTree = SDKROOT; };
		18074D611932DEBB00F87922 /* BookmarkViewController.h */ = {isa = PBXFileReference; fileEncoding = 4; lastKnownFileType = sourcecode.c.h; path = BookmarkViewController.h; sourceTree = "<group>"; };
		18074D621932DEBB00F87922 /* BookmarkViewController.m */ = {isa = PBXFileReference; fileEncoding = 4; lastKnownFileType = sourcecode.c.objc; path = BookmarkViewController.m; sourceTree = "<group>"; };
		18074D641933474800F87922 /* EcoaTabViewController.h */ = {isa = PBXFileReference; fileEncoding = 4; lastKnownFileType = sourcecode.c.h; path = EcoaTabViewController.h; sourceTree = "<group>"; };
		18074D651933474800F87922 /* EcoaTabViewController.m */ = {isa = PBXFileReference; fileEncoding = 4; lastKnownFileType = sourcecode.c.objc; path = EcoaTabViewController.m; sourceTree = "<group>"; };
		180E78811952C4E40020953F /* EcoaSipManager.h */ = {isa = PBXFileReference; fileEncoding = 4; lastKnownFileType = sourcecode.c.h; name = EcoaSipManager.h; path = "../../../../../apple/Documents/apple app workspace/EcoaSmarthome/EcoaSmarthome/EcoaSipManager.h"; sourceTree = "<group>"; };
		180E78821952C4E40020953F /* EcoaSipManager.m */ = {isa = PBXFileReference; fileEncoding = 4; lastKnownFileType = sourcecode.c.objc; name = EcoaSipManager.m; path = "../../../../../apple/Documents/apple app workspace/EcoaSmarthome/EcoaSmarthome/EcoaSipManager.m"; sourceTree = "<group>"; };
		180E78841952C6620020953F /* CallView.h */ = {isa = PBXFileReference; fileEncoding = 4; lastKnownFileType = sourcecode.c.h; name = CallView.h; path = "../../../../../apple/Documents/apple app workspace/EcoaSmarthome/EcoaSmarthome/CallView.h"; sourceTree = "<group>"; };
		180E78851952C6620020953F /* CallView.m */ = {isa = PBXFileReference; fileEncoding = 4; lastKnownFileType = sourcecode.c.objc; name = CallView.m; path = "../../../../../apple/Documents/apple app workspace/EcoaSmarthome/EcoaSmarthome/CallView.m"; sourceTree = "<group>"; };
		180E78871952C8D10020953F /* dialpad.h */ = {isa = PBXFileReference; fileEncoding = 4; lastKnownFileType = sourcecode.c.h; name = dialpad.h; path = "../../../../../apple/Documents/apple app workspace/EcoaSmarthome/EcoaSmarthome/dialpad.h"; sourceTree = "<group>"; };
		180E78881952C8D10020953F /* dialpad.m */ = {isa = PBXFileReference; fileEncoding = 4; lastKnownFileType = sourcecode.c.objc; name = dialpad.m; path = "../../../../../apple/Documents/apple app workspace/EcoaSmarthome/EcoaSmarthome/dialpad.m"; sourceTree = "<group>"; };
		18101E3D1940628F0064A117 /* BookmarkViewCell.h */ = {isa = PBXFileReference; fileEncoding = 4; lastKnownFileType = sourcecode.c.h; path = BookmarkViewCell.h; sourceTree = "<group>"; };
		18101E3E1940628F0064A117 /* BookmarkViewCell.m */ = {isa = PBXFileReference; fileEncoding = 4; lastKnownFileType = sourcecode.c.objc; path = BookmarkViewCell.m; sourceTree = "<group>"; };
		1815F91A1989CB7D008AE7A3 /* MainController.h */ = {isa = PBXFileReference; fileEncoding = 4; lastKnownFileType = sourcecode.c.h; path = MainController.h; sourceTree = "<group>"; };
		1815F91B1989CB7D008AE7A3 /* MainController.m */ = {isa = PBXFileReference; fileEncoding = 4; lastKnownFileType = sourcecode.c.objc; path = MainController.m; sourceTree = "<group>"; };
		18166B2E19416B5100A9FCE9 /* SmarthomeViewController.h */ = {isa = PBXFileReference; fileEncoding = 4; lastKnownFileType = sourcecode.c.h; path = SmarthomeViewController.h; sourceTree = "<group>"; };
		18166B2F19416B5100A9FCE9 /* SmarthomeViewController.m */ = {isa = PBXFileReference; fileEncoding = 4; lastKnownFileType = sourcecode.c.objc; path = SmarthomeViewController.m; sourceTree = "<group>"; };
		18166B3119416E6400A9FCE9 /* CustomIOS7AlertView.h */ = {isa = PBXFileReference; fileEncoding = 4; lastKnownFileType = sourcecode.c.h; path = CustomIOS7AlertView.h; sourceTree = "<group>"; };
		18166B3219416E6400A9FCE9 /* CustomIOS7AlertView.m */ = {isa = PBXFileReference; fileEncoding = 4; lastKnownFileType = sourcecode.c.objc; path = CustomIOS7AlertView.m; sourceTree = "<group>"; };
		183DAED1192AE77E0061AB7C /* SipPhoneViewController.h */ = {isa = PBXFileReference; fileEncoding = 4; lastKnownFileType = sourcecode.c.h; name = SipPhoneViewController.h; path = "../../../../../apple/Documents/apple app workspace/EcoaSmarthome/EcoaSmarthome/SipPhoneViewController.h"; sourceTree = "<group>"; };
		183DAED2192AE77E0061AB7C /* SipPhoneViewController.m */ = {isa = PBXFileReference; fileEncoding = 4; lastKnownFileType = sourcecode.c.objc; name = SipPhoneViewController.m; path = "../../../../../apple/Documents/apple app workspace/EcoaSmarthome/EcoaSmarthome/SipPhoneViewController.m"; sourceTree = "<group>"; };
		183FC60E19234606000070F1 /* EcoaSmarthome.app */ = {isa = PBXFileReference; explicitFileType = wrapper.application; includeInIndex = 0; path = EcoaSmarthome.app; sourceTree = BUILT_PRODUCTS_DIR; };
		183FC61119234606000070F1 /* Foundation.framework */ = {isa = PBXFileReference; lastKnownFileType = wrapper.framework; name = Foundation.framework; path = System/Library/Frameworks/Foundation.framework; sourceTree = SDKROOT; };
		183FC61319234606000070F1 /* CoreGraphics.framework */ = {isa = PBXFileReference; lastKnownFileType = wrapper.framework; name = CoreGraphics.framework; path = System/Library/Frameworks/CoreGraphics.framework; sourceTree = SDKROOT; };
		183FC61519234606000070F1 /* UIKit.framework */ = {isa = PBXFileReference; lastKnownFileType = wrapper.framework; name = UIKit.framework; path = System/Library/Frameworks/UIKit.framework; sourceTree = SDKROOT; };
		183FC61919234606000070F1 /* EcoaSmarthome-Info.plist */ = {isa = PBXFileReference; lastKnownFileType = text.plist.xml; path = "EcoaSmarthome-Info.plist"; sourceTree = "<group>"; };
		183FC61B19234606000070F1 /* en */ = {isa = PBXFileReference; lastKnownFileType = text.plist.strings; name = en; path = en.lproj/InfoPlist.strings; sourceTree = "<group>"; };
		183FC61D19234606000070F1 /* main.m */ = {isa = PBXFileReference; lastKnownFileType = sourcecode.c.objc; path = main.m; sourceTree = "<group>"; };
		183FC61F19234606000070F1 /* EcoaSmarthome-Prefix.pch */ = {isa = PBXFileReference; lastKnownFileType = sourcecode.c.h; path = "EcoaSmarthome-Prefix.pch"; sourceTree = "<group>"; };
		183FC62019234606000070F1 /* AppDelegate.h */ = {isa = PBXFileReference; lastKnownFileType = sourcecode.c.h; path = AppDelegate.h; sourceTree = "<group>"; };
		183FC62119234606000070F1 /* AppDelegate.m */ = {isa = PBXFileReference; lastKnownFileType = sourcecode.c.objc; path = AppDelegate.m; sourceTree = "<group>"; };
		183FC62419234606000070F1 /* Base */ = {isa = PBXFileReference; lastKnownFileType = file.storyboard; name = Base; path = Base.lproj/Main_iPhone.storyboard; sourceTree = "<group>"; };
		183FC62719234606000070F1 /* Base */ = {isa = PBXFileReference; lastKnownFileType = file.storyboard; name = Base; path = Base.lproj/Main_iPad.storyboard; sourceTree = "<group>"; };
		183FC62919234606000070F1 /* ViewController.h */ = {isa = PBXFileReference; lastKnownFileType = sourcecode.c.h; path = ViewController.h; sourceTree = "<group>"; };
		183FC62A19234606000070F1 /* ViewController.m */ = {isa = PBXFileReference; lastKnownFileType = sourcecode.c.objc; path = ViewController.m; sourceTree = "<group>"; };
		183FC62C19234606000070F1 /* Images.xcassets */ = {isa = PBXFileReference; lastKnownFileType = folder.assetcatalog; path = Images.xcassets; sourceTree = "<group>"; };
		183FC63219234606000070F1 /* EcoaSmarthomeTests.xctest */ = {isa = PBXFileReference; explicitFileType = wrapper.cfbundle; includeInIndex = 0; path = EcoaSmarthomeTests.xctest; sourceTree = BUILT_PRODUCTS_DIR; };
		183FC63319234606000070F1 /* XCTest.framework */ = {isa = PBXFileReference; lastKnownFileType = wrapper.framework; name = XCTest.framework; path = Library/Frameworks/XCTest.framework; sourceTree = DEVELOPER_DIR; };
		183FC63B19234606000070F1 /* EcoaSmarthomeTests-Info.plist */ = {isa = PBXFileReference; lastKnownFileType = text.plist.xml; path = "EcoaSmarthomeTests-Info.plist"; sourceTree = "<group>"; };
		183FC63D19234606000070F1 /* en */ = {isa = PBXFileReference; lastKnownFileType = text.plist.strings; name = en; path = en.lproj/InfoPlist.strings; sourceTree = "<group>"; };
		183FC63F19234606000070F1 /* EcoaSmarthomeTests.m */ = {isa = PBXFileReference; lastKnownFileType = sourcecode.c.objc; path = EcoaSmarthomeTests.m; sourceTree = "<group>"; };
		183FC649192346A0000070F1 /* EcoaDBHelper.h */ = {isa = PBXFileReference; fileEncoding = 4; lastKnownFileType = sourcecode.c.h; path = EcoaDBHelper.h; sourceTree = "<group>"; };
		183FC64A192346A0000070F1 /* EcoaDBHelper.m */ = {isa = PBXFileReference; fileEncoding = 4; lastKnownFileType = sourcecode.c.objc; path = EcoaDBHelper.m; sourceTree = "<group>"; };
		183FC64B192346A0000070F1 /* EcoaViewController.h */ = {isa = PBXFileReference; fileEncoding = 4; lastKnownFileType = sourcecode.c.h; path = EcoaViewController.h; sourceTree = "<group>"; };
		183FC64C192346A0000070F1 /* EcoaViewController.m */ = {isa = PBXFileReference; fileEncoding = 4; lastKnownFileType = sourcecode.c.objc; path = EcoaViewController.m; sourceTree = "<group>"; };
		183FC64D192346A0000070F1 /* import.h */ = {isa = PBXFileReference; fileEncoding = 4; lastKnownFileType = sourcecode.c.h; path = import.h; sourceTree = "<group>"; };
		183FC651192346FA000070F1 /* LoginViewController.h */ = {isa = PBXFileReference; fileEncoding = 4; lastKnownFileType = sourcecode.c.h; path = LoginViewController.h; sourceTree = "<group>"; };
		183FC652192346FA000070F1 /* LoginViewController.m */ = {isa = PBXFileReference; fileEncoding = 4; lastKnownFileType = sourcecode.c.objc; path = LoginViewController.m; sourceTree = "<group>"; };
		183FC653192346FA000070F1 /* SettingViewController.h */ = {isa = PBXFileReference; fileEncoding = 4; lastKnownFileType = sourcecode.c.h; path = SettingViewController.h; sourceTree = "<group>"; };
		183FC654192346FA000070F1 /* SettingViewController.m */ = {isa = PBXFileReference; fileEncoding = 4; lastKnownFileType = sourcecode.c.objc; path = SettingViewController.m; sourceTree = "<group>"; };
		183FC66719234900000070F1 /* libsqlite3.0.dylib */ = {isa = PBXFileReference; lastKnownFileType = "compiled.mach-o.dylib"; name = libsqlite3.0.dylib; path = usr/lib/libsqlite3.0.dylib; sourceTree = SDKROOT; };
		183FC66C19234D51000070F1 /* Base */ = {isa = PBXFileReference; lastKnownFileType = text.plist.strings; name = Base; path = Base.lproj/Localizable.strings; sourceTree = "<group>"; };
		183FC66E19234D59000070F1 /* en */ = {isa = PBXFileReference; lastKnownFileType = text.plist.strings; name = en; path = en.lproj/Localizable.strings; sourceTree = "<group>"; };
		183FC67019234DD8000070F1 /* zh-Hant */ = {isa = PBXFileReference; lastKnownFileType = text.plist.strings; name = "zh-Hant"; path = "zh-Hant.lproj/Localizable.strings"; sourceTree = "<group>"; };
		183FC67119234DE4000070F1 /* zh-Hans */ = {isa = PBXFileReference; lastKnownFileType = text.plist.strings; name = "zh-Hans"; path = "zh-Hans.lproj/Localizable.strings"; sourceTree = "<group>"; };
		183FC67219235DCB000070F1 /* ViewTransitionObject.h */ = {isa = PBXFileReference; fileEncoding = 4; lastKnownFileType = sourcecode.c.h; path = ViewTransitionObject.h; sourceTree = "<group>"; };
		183FC67319235DCB000070F1 /* ViewTransitionObject.m */ = {isa = PBXFileReference; fileEncoding = 4; lastKnownFileType = sourcecode.c.objc; path = ViewTransitionObject.m; sourceTree = "<group>"; };
		1848D6CF1995C82B007E7242 /* LoginController.h */ = {isa = PBXFileReference; fileEncoding = 4; lastKnownFileType = sourcecode.c.h; path = LoginController.h; sourceTree = "<group>"; };
		1848D6D01995C82B007E7242 /* LoginController.m */ = {isa = PBXFileReference; fileEncoding = 4; lastKnownFileType = sourcecode.c.objc; path = LoginController.m; sourceTree = "<group>"; };
		1850FC45194E93280044C44F /* DeviceDataView.h */ = {isa = PBXFileReference; fileEncoding = 4; lastKnownFileType = sourcecode.c.h; path = DeviceDataView.h; sourceTree = "<group>"; };
		1850FC46194E93280044C44F /* DeviceDataView.m */ = {isa = PBXFileReference; fileEncoding = 4; lastKnownFileType = sourcecode.c.objc; path = DeviceDataView.m; sourceTree = "<group>"; };
		186F0DA7195191150005B487 /* CallViewController.h */ = {isa = PBXFileReference; fileEncoding = 4; lastKnownFileType = sourcecode.c.h; name = CallViewController.h; path = "../../../../../apple/Documents/apple app workspace/EcoaSmarthome/EcoaSmarthome/CallViewController.h"; sourceTree = "<group>"; };
		186F0DA8195191150005B487 /* CallViewController.m */ = {isa = PBXFileReference; fileEncoding = 4; lastKnownFileType = sourcecode.c.objc; name = CallViewController.m; path = "../../../../../apple/Documents/apple app workspace/EcoaSmarthome/EcoaSmarthome/CallViewController.m"; sourceTree = "<group>"; };
		187C76A01A5A870C00C81805 /* CFNetwork.framework */ = {isa = PBXFileReference; lastKnownFileType = wrapper.framework; name = CFNetwork.framework; path = System/Library/Frameworks/CFNetwork.framework; sourceTree = SDKROOT; };
		18A317DB1A7A2E3400DF74C1 /* EcoaSmarthome.entitlements */ = {isa = PBXFileReference; lastKnownFileType = text.xml; path = EcoaSmarthome.entitlements; sourceTree = "<group>"; };
		18A317DC1A7A2E3400DF74C1 /* AudioToolbox.framework */ = {isa = PBXFileReference; lastKnownFileType = wrapper.framework; name = AudioToolbox.framework; path = System/Library/Frameworks/AudioToolbox.framework; sourceTree = SDKROOT; };
		18AD76A11A36A4E6004F9D69 /* NewCityController.h */ = {isa = PBXFileReference; fileEncoding = 4; lastKnownFileType = sourcecode.c.h; path = NewCityController.h; sourceTree = "<group>"; };
		18AD76A21A36A4E6004F9D69 /* NewCityController.m */ = {isa = PBXFileReference; fileEncoding = 4; lastKnownFileType = sourcecode.c.objc; path = NewCityController.m; sourceTree = "<group>"; };
		18AF860E1AAFDDD100E83DB6 /* oldphone_mono.wav */ = {isa = PBXFileReference; lastKnownFileType = audio.wav; path = oldphone_mono.wav; sourceTree = "<group>"; };
		18B1BFB1192EE648000BA7AF /* FirstSettingController.h */ = {isa = PBXFileReference; fileEncoding = 4; lastKnownFileType = sourcecode.c.h; path = FirstSettingController.h; sourceTree = "<group>"; };
		18B1BFB2192EE648000BA7AF /* FirstSettingController.m */ = {isa = PBXFileReference; fileEncoding = 4; lastKnownFileType = sourcecode.c.objc; path = FirstSettingController.m; sourceTree = "<group>"; };
		18B9A01519470154000FB514 /* BookmarkDataView.h */ = {isa = PBXFileReference; fileEncoding = 4; lastKnownFileType = sourcecode.c.h; path = BookmarkDataView.h; sourceTree = "<group>"; };
		18B9A01619470154000FB514 /* BookmarkDataView.m */ = {isa = PBXFileReference; fileEncoding = 4; lastKnownFileType = sourcecode.c.objc; path = BookmarkDataView.m; sourceTree = "<group>"; };
		18BA8236193F212500CE050C /* AddBookmarkController.h */ = {isa = PBXFileReference; fileEncoding = 4; lastKnownFileType = sourcecode.c.h; path = AddBookmarkController.h; sourceTree = "<group>"; };
		18BA8237193F212500CE050C /* AddBookmarkController.m */ = {isa = PBXFileReference; fileEncoding = 4; lastKnownFileType = sourcecode.c.objc; path = AddBookmarkController.m; sourceTree = "<group>"; };
		18BF4F2E1A53A058001692DA /* AlarmViewCell.h */ = {isa = PBXFileReference; fileEncoding = 4; lastKnownFileType = sourcecode.c.h; path = AlarmViewCell.h; sourceTree = "<group>"; };
		18BF4F2F1A53A058001692DA /* AlarmViewCell.m */ = {isa = PBXFileReference; fileEncoding = 4; lastKnownFileType = sourcecode.c.objc; path = AlarmViewCell.m; sourceTree = "<group>"; };
		18CB54BF1A6F92A3004D8C35 /* AlarmManager.h */ = {isa = PBXFileReference; fileEncoding = 4; lastKnownFileType = sourcecode.c.h; path = AlarmManager.h; sourceTree = "<group>"; };
		18CB54C01A6F92A3004D8C35 /* AlarmManager.m */ = {isa = PBXFileReference; fileEncoding = 4; lastKnownFileType = sourcecode.c.objc; path = AlarmManager.m; sourceTree = "<group>"; };
		18EBB082195C055F00B9673B /* SessionManager.h */ = {isa = PBXFileReference; fileEncoding = 4; lastKnownFileType = sourcecode.c.h; path = SessionManager.h; sourceTree = "<group>"; };
		18EBB083195C055F00B9673B /* SessionManager.m */ = {isa = PBXFileReference; fileEncoding = 4; lastKnownFileType = sourcecode.c.objc; path = SessionManager.m; sourceTree = "<group>"; };
		26D48B7B5850D878D1904B71 /* Pods.release.xcconfig */ = {isa = PBXFileReference; includeInIndex = 1; lastKnownFileType = text.xcconfig; name = Pods.release.xcconfig; path = "Pods/Target Support Files/Pods/Pods.release.xcconfig"; sourceTree = "<group>"; };
		A1C628C9017194A2E94EC425 /* Pods.debug.xcconfig */ = {isa = PBXFileReference; includeInIndex = 1; lastKnownFileType = text.xcconfig; name = Pods.debug.xcconfig; path = "Pods/Target Support Files/Pods/Pods.debug.xcconfig"; sourceTree = "<group>"; };
		D4C7CDF38BF74C5BA1727830 /* libPods.a */ = {isa = PBXFileReference; explicitFileType = archive.ar; includeInIndex = 0; path = libPods.a; sourceTree = BUILT_PRODUCTS_DIR; };
/* End PBXFileReference section */

/* Begin PBXFrameworksBuildPhase section */
		183FC60B19234606000070F1 /* Frameworks */ = {
			isa = PBXFrameworksBuildPhase;
			buildActionMask = 2147483647;
			files = (
				187C76A11A5A870C00C81805 /* CFNetwork.framework in Frameworks */,
				1806A0CA194AF1CB00B6C1AC /* QuartzCore.framework in Frameworks */,
				18A317DD1A7A2E3400DF74C1 /* AudioToolbox.framework in Frameworks */,
				183FC66819234900000070F1 /* libsqlite3.0.dylib in Frameworks */,
				183FC61419234606000070F1 /* CoreGraphics.framework in Frameworks */,
				183FC61619234606000070F1 /* UIKit.framework in Frameworks */,
				183FC61219234606000070F1 /* Foundation.framework in Frameworks */,
				8DD9F3DCB1D444D4B669FB78 /* libPods.a in Frameworks */,
			);
			runOnlyForDeploymentPostprocessing = 0;
		};
		183FC62F19234606000070F1 /* Frameworks */ = {
			isa = PBXFrameworksBuildPhase;
			buildActionMask = 2147483647;
			files = (
				183FC63419234606000070F1 /* XCTest.framework in Frameworks */,
				183FC63619234606000070F1 /* UIKit.framework in Frameworks */,
				183FC63519234606000070F1 /* Foundation.framework in Frameworks */,
			);
			runOnlyForDeploymentPostprocessing = 0;
		};
/* End PBXFrameworksBuildPhase section */

/* Begin PBXGroup section */
		1442F1EAA692FF44E06CDAA8 /* Pods */ = {
			isa = PBXGroup;
			children = (
				A1C628C9017194A2E94EC425 /* Pods.debug.xcconfig */,
				26D48B7B5850D878D1904B71 /* Pods.release.xcconfig */,
			);
			name = Pods;
			sourceTree = "<group>";
		};
		183FC60519234606000070F1 = {
			isa = PBXGroup;
			children = (
				183FC61719234606000070F1 /* EcoaSmarthome */,
				183FC63919234606000070F1 /* EcoaSmarthomeTests */,
				183FC61019234606000070F1 /* Frameworks */,
				183FC60F19234606000070F1 /* Products */,
				1442F1EAA692FF44E06CDAA8 /* Pods */,
			);
			sourceTree = "<group>";
		};
		183FC60F19234606000070F1 /* Products */ = {
			isa = PBXGroup;
			children = (
				183FC60E19234606000070F1 /* EcoaSmarthome.app */,
				183FC63219234606000070F1 /* EcoaSmarthomeTests.xctest */,
			);
			name = Products;
			sourceTree = "<group>";
		};
		183FC61019234606000070F1 /* Frameworks */ = {
			isa = PBXGroup;
			children = (
				18A317DC1A7A2E3400DF74C1 /* AudioToolbox.framework */,
				187C76A01A5A870C00C81805 /* CFNetwork.framework */,
				1806A0C9194AF1CB00B6C1AC /* QuartzCore.framework */,
				183FC66719234900000070F1 /* libsqlite3.0.dylib */,
				183FC61119234606000070F1 /* Foundation.framework */,
				183FC61319234606000070F1 /* CoreGraphics.framework */,
				183FC61519234606000070F1 /* UIKit.framework */,
				183FC63319234606000070F1 /* XCTest.framework */,
				D4C7CDF38BF74C5BA1727830 /* libPods.a */,
			);
			name = Frameworks;
			sourceTree = "<group>";
		};
		183FC61719234606000070F1 /* EcoaSmarthome */ = {
			isa = PBXGroup;
			children = (
				18A317DB1A7A2E3400DF74C1 /* EcoaSmarthome.entitlements */,
				18166B3119416E6400A9FCE9 /* CustomIOS7AlertView.h */,
				18166B3219416E6400A9FCE9 /* CustomIOS7AlertView.m */,
				183FC650192346E0000070F1 /* ViewController */,
				183FC649192346A0000070F1 /* EcoaDBHelper.h */,
				183FC64A192346A0000070F1 /* EcoaDBHelper.m */,
				183FC64B192346A0000070F1 /* EcoaViewController.h */,
				183FC64C192346A0000070F1 /* EcoaViewController.m */,
				183FC64D192346A0000070F1 /* import.h */,
				183FC62019234606000070F1 /* AppDelegate.h */,
				183FC62119234606000070F1 /* AppDelegate.m */,
				183FC62319234606000070F1 /* Main_iPhone.storyboard */,
				183FC62619234606000070F1 /* Main_iPad.storyboard */,
				183FC62919234606000070F1 /* ViewController.h */,
				183FC62A19234606000070F1 /* ViewController.m */,
				183FC62C19234606000070F1 /* Images.xcassets */,
				183FC61819234606000070F1 /* Supporting Files */,
				183FC66D19234D51000070F1 /* Localizable.strings */,
				183FC67219235DCB000070F1 /* ViewTransitionObject.h */,
				183FC67319235DCB000070F1 /* ViewTransitionObject.m */,
				18101E3D1940628F0064A117 /* BookmarkViewCell.h */,
				18101E3E1940628F0064A117 /* BookmarkViewCell.m */,
				18B9A01519470154000FB514 /* BookmarkDataView.h */,
				18B9A01619470154000FB514 /* BookmarkDataView.m */,
				1806A0C6194AEBA000B6C1AC /* DeviceViewCell.h */,
				1806A0C7194AEBA000B6C1AC /* DeviceViewCell.m */,
				1850FC45194E93280044C44F /* DeviceDataView.h */,
				1850FC46194E93280044C44F /* DeviceDataView.m */,
				180E78811952C4E40020953F /* EcoaSipManager.h */,
				180E78821952C4E40020953F /* EcoaSipManager.m */,
				180E78841952C6620020953F /* CallView.h */,
				180E78851952C6620020953F /* CallView.m */,
				180E78871952C8D10020953F /* dialpad.h */,
				180E78881952C8D10020953F /* dialpad.m */,
				18EBB082195C055F00B9673B /* SessionManager.h */,
				18EBB083195C055F00B9673B /* SessionManager.m */,
				18BF4F2E1A53A058001692DA /* AlarmViewCell.h */,
				18BF4F2F1A53A058001692DA /* AlarmViewCell.m */,
				18CB54BF1A6F92A3004D8C35 /* AlarmManager.h */,
				18CB54C01A6F92A3004D8C35 /* AlarmManager.m */,
				1806476B1AD6019800BF2FCD /* httpser.h */,
				1806476C1AD6019800BF2FCD /* httpser.m */,
				1806476E1AD61A8900BF2FCD /* httpconst.h */,
				1806476F1AD61A8900BF2FCD /* httpconst.m */,
				180647741AD64B1200BF2FCD /* httpsersub.h */,
				180647751AD64B1200BF2FCD /* httpsersub.m */,
			);
			path = EcoaSmarthome;
			sourceTree = "<group>";
		};
		183FC61819234606000070F1 /* Supporting Files */ = {
			isa = PBXGroup;
			children = (
				18AF860E1AAFDDD100E83DB6 /* oldphone_mono.wav */,
				183FC61919234606000070F1 /* EcoaSmarthome-Info.plist */,
				183FC61A19234606000070F1 /* InfoPlist.strings */,
				183FC61D19234606000070F1 /* main.m */,
				183FC61F19234606000070F1 /* EcoaSmarthome-Prefix.pch */,
			);
			name = "Supporting Files";
			sourceTree = "<group>";
		};
		183FC63919234606000070F1 /* EcoaSmarthomeTests */ = {
			isa = PBXGroup;
			children = (
				183FC63F19234606000070F1 /* EcoaSmarthomeTests.m */,
				183FC63A19234606000070F1 /* Supporting Files */,
			);
			path = EcoaSmarthomeTests;
			sourceTree = "<group>";
		};
		183FC63A19234606000070F1 /* Supporting Files */ = {
			isa = PBXGroup;
			children = (
				183FC63B19234606000070F1 /* EcoaSmarthomeTests-Info.plist */,
				183FC63C19234606000070F1 /* InfoPlist.strings */,
			);
			name = "Supporting Files";
			sourceTree = "<group>";
		};
		183FC650192346E0000070F1 /* ViewController */ = {
			isa = PBXGroup;
			children = (
				183FC651192346FA000070F1 /* LoginViewController.h */,
				183FC652192346FA000070F1 /* LoginViewController.m */,
				183FC653192346FA000070F1 /* SettingViewController.h */,
				183FC654192346FA000070F1 /* SettingViewController.m */,
				183DAED1192AE77E0061AB7C /* SipPhoneViewController.h */,
				183DAED2192AE77E0061AB7C /* SipPhoneViewController.m */,
				18B1BFB1192EE648000BA7AF /* FirstSettingController.h */,
				18B1BFB2192EE648000BA7AF /* FirstSettingController.m */,
				18074D611932DEBB00F87922 /* BookmarkViewController.h */,
				18074D621932DEBB00F87922 /* BookmarkViewController.m */,
				18074D641933474800F87922 /* EcoaTabViewController.h */,
				18074D651933474800F87922 /* EcoaTabViewController.m */,
				18BA8236193F212500CE050C /* AddBookmarkController.h */,
				18BA8237193F212500CE050C /* AddBookmarkController.m */,
				18166B2E19416B5100A9FCE9 /* SmarthomeViewController.h */,
				18166B2F19416B5100A9FCE9 /* SmarthomeViewController.m */,
				186F0DA7195191150005B487 /* CallViewController.h */,
				186F0DA8195191150005B487 /* CallViewController.m */,
				1815F91A1989CB7D008AE7A3 /* MainController.h */,
				1815F91B1989CB7D008AE7A3 /* MainController.m */,
				1848D6CF1995C82B007E7242 /* LoginController.h */,
				1848D6D01995C82B007E7242 /* LoginController.m */,
				18AD76A11A36A4E6004F9D69 /* NewCityController.h */,
				18AD76A21A36A4E6004F9D69 /* NewCityController.m */,
			);
			name = ViewController;
			sourceTree = "<group>";
		};
/* End PBXGroup section */

/* Begin PBXNativeTarget section */
		183FC60D19234606000070F1 /* EcoaSmarthome */ = {
			isa = PBXNativeTarget;
			buildConfigurationList = 183FC64319234606000070F1 /* Build configuration list for PBXNativeTarget "EcoaSmarthome" */;
			buildPhases = (
				2ABD7C59D9EB44F4AB2A0A60 /* Check Pods Manifest.lock */,
				183FC60A19234606000070F1 /* Sources */,
				183FC60B19234606000070F1 /* Frameworks */,
				183FC60C19234606000070F1 /* Resources */,
				189F6FB1E78249F9AFC02E6D /* Copy Pods Resources */,
			);
			buildRules = (
			);
			dependencies = (
			);
			name = EcoaSmarthome;
			productName = EcoaSmarthome;
			productReference = 183FC60E19234606000070F1 /* EcoaSmarthome.app */;
			productType = "com.apple.product-type.application";
		};
		183FC63119234606000070F1 /* EcoaSmarthomeTests */ = {
			isa = PBXNativeTarget;
			buildConfigurationList = 183FC64619234606000070F1 /* Build configuration list for PBXNativeTarget "EcoaSmarthomeTests" */;
			buildPhases = (
				183FC62E19234606000070F1 /* Sources */,
				183FC62F19234606000070F1 /* Frameworks */,
				183FC63019234606000070F1 /* Resources */,
			);
			buildRules = (
			);
			dependencies = (
				183FC63819234606000070F1 /* PBXTargetDependency */,
			);
			name = EcoaSmarthomeTests;
			productName = EcoaSmarthomeTests;
			productReference = 183FC63219234606000070F1 /* EcoaSmarthomeTests.xctest */;
			productType = "com.apple.product-type.bundle.unit-test";
		};
/* End PBXNativeTarget section */

/* Begin PBXProject section */
		183FC60619234606000070F1 /* Project object */ = {
			isa = PBXProject;
			attributes = {
				LastUpgradeCheck = 0510;
				ORGANIZATIONNAME = ECOA;
				TargetAttributes = {
					183FC60D19234606000070F1 = {
						DevelopmentTeam = FNGZA8F536;
						SystemCapabilities = {
							com.apple.BackgroundModes = {
								enabled = 1;
							};
							com.apple.InterAppAudio = {
								enabled = 1;
							};
						};
					};
					183FC63119234606000070F1 = {
						TestTargetID = 183FC60D19234606000070F1;
					};
				};
			};
			buildConfigurationList = 183FC60919234606000070F1 /* Build configuration list for PBXProject "EcoaSmarthome" */;
			compatibilityVersion = "Xcode 3.2";
			developmentRegion = English;
			hasScannedForEncodings = 0;
			knownRegions = (
				en,
				Base,
				"zh-Hant",
				"zh-Hans",
			);
			mainGroup = 183FC60519234606000070F1;
			productRefGroup = 183FC60F19234606000070F1 /* Products */;
			projectDirPath = "";
			projectRoot = "";
			targets = (
				183FC60D19234606000070F1 /* EcoaSmarthome */,
				183FC63119234606000070F1 /* EcoaSmarthomeTests */,
			);
		};
/* End PBXProject section */

/* Begin PBXResourcesBuildPhase section */
		183FC60C19234606000070F1 /* Resources */ = {
			isa = PBXResourcesBuildPhase;
			buildActionMask = 2147483647;
			files = (
				183FC66B19234D51000070F1 /* Localizable.strings in Resources */,
				183FC62819234606000070F1 /* Main_iPad.storyboard in Resources */,
				183FC62D19234606000070F1 /* Images.xcassets in Resources */,
				183FC62519234606000070F1 /* Main_iPhone.storyboard in Resources */,
				18AF860F1AAFDDD100E83DB6 /* oldphone_mono.wav in Resources */,
				183FC61C19234606000070F1 /* InfoPlist.strings in Resources */,
			);
			runOnlyForDeploymentPostprocessing = 0;
		};
		183FC63019234606000070F1 /* Resources */ = {
			isa = PBXResourcesBuildPhase;
			buildActionMask = 2147483647;
			files = (
				183FC63E19234606000070F1 /* InfoPlist.strings in Resources */,
			);
			runOnlyForDeploymentPostprocessing = 0;
		};
/* End PBXResourcesBuildPhase section */

/* Begin PBXShellScriptBuildPhase section */
		189F6FB1E78249F9AFC02E6D /* Copy Pods Resources */ = {
			isa = PBXShellScriptBuildPhase;
			buildActionMask = 2147483647;
			files = (
			);
			inputPaths = (
			);
			name = "Copy Pods Resources";
			outputPaths = (
			);
			runOnlyForDeploymentPostprocessing = 0;
			shellPath = /bin/sh;
			shellScript = "\"${SRCROOT}/Pods/Target Support Files/Pods/Pods-resources.sh\"\n";
			showEnvVarsInLog = 0;
		};
		2ABD7C59D9EB44F4AB2A0A60 /* Check Pods Manifest.lock */ = {
			isa = PBXShellScriptBuildPhase;
			buildActionMask = 2147483647;
			files = (
			);
			inputPaths = (
			);
			name = "Check Pods Manifest.lock";
			outputPaths = (
			);
			runOnlyForDeploymentPostprocessing = 0;
			shellPath = /bin/sh;
			shellScript = "diff \"${PODS_ROOT}/../Podfile.lock\" \"${PODS_ROOT}/Manifest.lock\" > /dev/null\nif [[ $? != 0 ]] ; then\n    cat << EOM\nerror: The sandbox is not in sync with the Podfile.lock. Run 'pod install' or update your CocoaPods installation.\nEOM\n    exit 1\nfi\n";
			showEnvVarsInLog = 0;
		};
/* End PBXShellScriptBuildPhase section */

/* Begin PBXSourcesBuildPhase section */
		183FC60A19234606000070F1 /* Sources */ = {
			isa = PBXSourcesBuildPhase;
			buildActionMask = 2147483647;
			files = (
				183FC62B19234606000070F1 /* ViewController.m in Sources */,
				183FC64F192346A0000070F1 /* EcoaViewController.m in Sources */,
				18BF4F301A53A058001692DA /* AlarmViewCell.m in Sources */,
				180647701AD61A8900BF2FCD /* httpconst.m in Sources */,
				18CB54C11A6F92A3004D8C35 /* AlarmManager.m in Sources */,
				183DAED3192AE77E0061AB7C /* SipPhoneViewController.m in Sources */,
				18BA8238193F212500CE050C /* AddBookmarkController.m in Sources */,
				18074D631932DEBB00F87922 /* BookmarkViewController.m in Sources */,
				183FC655192346FA000070F1 /* LoginViewController.m in Sources */,
				180E78891952C8D10020953F /* dialpad.m in Sources */,
				180E78861952C6620020953F /* CallView.m in Sources */,
				183FC656192346FA000070F1 /* SettingViewController.m in Sources */,
				1850FC47194E93280044C44F /* DeviceDataView.m in Sources */,
				183FC62219234606000070F1 /* AppDelegate.m in Sources */,
				183FC61E19234606000070F1 /* main.m in Sources */,
				18AD76A31A36A4E6004F9D69 /* NewCityController.m in Sources */,
				186F0DA9195191150005B487 /* CallViewController.m in Sources */,
				180E78831952C4E40020953F /* EcoaSipManager.m in Sources */,
				1806A0C8194AEBA000B6C1AC /* DeviceViewCell.m in Sources */,
				18B9A01719470154000FB514 /* BookmarkDataView.m in Sources */,
				18166B3319416E6400A9FCE9 /* CustomIOS7AlertView.m in Sources */,
				18101E3F1940628F0064A117 /* BookmarkViewCell.m in Sources */,
				18EBB084195C055F00B9673B /* SessionManager.m in Sources */,
				1806476D1AD6019800BF2FCD /* httpser.m in Sources */,
				1848D6D11995C82B007E7242 /* LoginController.m in Sources */,
				18074D661933474800F87922 /* EcoaTabViewController.m in Sources */,
				183FC64E192346A0000070F1 /* EcoaDBHelper.m in Sources */,
				180647761AD64B1200BF2FCD /* httpsersub.m in Sources */,
				18B1BFB3192EE648000BA7AF /* FirstSettingController.m in Sources */,
				183FC67419235DCB000070F1 /* ViewTransitionObject.m in Sources */,
				1815F91C1989CB7D008AE7A3 /* MainController.m in Sources */,
				18166B3019416B5100A9FCE9 /* SmarthomeViewController.m in Sources */,
			);
			runOnlyForDeploymentPostprocessing = 0;
		};
		183FC62E19234606000070F1 /* Sources */ = {
			isa = PBXSourcesBuildPhase;
			buildActionMask = 2147483647;
			files = (
				183FC64019234606000070F1 /* EcoaSmarthomeTests.m in Sources */,
			);
			runOnlyForDeploymentPostprocessing = 0;
		};
/* End PBXSourcesBuildPhase section */

/* Begin PBXTargetDependency section */
		183FC63819234606000070F1 /* PBXTargetDependency */ = {
			isa = PBXTargetDependency;
			target = 183FC60D19234606000070F1 /* EcoaSmarthome */;
			targetProxy = 183FC63719234606000070F1 /* PBXContainerItemProxy */;
		};
/* End PBXTargetDependency section */

/* Begin PBXVariantGroup section */
		183FC61A19234606000070F1 /* InfoPlist.strings */ = {
			isa = PBXVariantGroup;
			children = (
				183FC61B19234606000070F1 /* en */,
			);
			name = InfoPlist.strings;
			sourceTree = "<group>";
		};
		183FC62319234606000070F1 /* Main_iPhone.storyboard */ = {
			isa = PBXVariantGroup;
			children = (
				183FC62419234606000070F1 /* Base */,
			);
			name = Main_iPhone.storyboard;
			sourceTree = "<group>";
		};
		183FC62619234606000070F1 /* Main_iPad.storyboard */ = {
			isa = PBXVariantGroup;
			children = (
				183FC62719234606000070F1 /* Base */,
			);
			name = Main_iPad.storyboard;
			sourceTree = "<group>";
		};
		183FC63C19234606000070F1 /* InfoPlist.strings */ = {
			isa = PBXVariantGroup;
			children = (
				183FC63D19234606000070F1 /* en */,
			);
			name = InfoPlist.strings;
			sourceTree = "<group>";
		};
		183FC66D19234D51000070F1 /* Localizable.strings */ = {
			isa = PBXVariantGroup;
			children = (
				183FC66C19234D51000070F1 /* Base */,
				183FC66E19234D59000070F1 /* en */,
				183FC67019234DD8000070F1 /* zh-Hant */,
				183FC67119234DE4000070F1 /* zh-Hans */,
			);
			name = Localizable.strings;
			sourceTree = "<group>";
		};
/* End PBXVariantGroup section */

/* Begin XCBuildConfiguration section */
		183FC64119234606000070F1 /* Debug */ = {
			isa = XCBuildConfiguration;
			buildSettings = {
				ALWAYS_SEARCH_USER_PATHS = NO;
				CLANG_CXX_LANGUAGE_STANDARD = "gnu++0x";
				CLANG_CXX_LIBRARY = "libc++";
				CLANG_ENABLE_MODULES = YES;
				CLANG_ENABLE_OBJC_ARC = YES;
				CLANG_WARN_BOOL_CONVERSION = YES;
				CLANG_WARN_CONSTANT_CONVERSION = YES;
				CLANG_WARN_DIRECT_OBJC_ISA_USAGE = YES_ERROR;
				CLANG_WARN_EMPTY_BODY = YES;
				CLANG_WARN_ENUM_CONVERSION = YES;
				CLANG_WARN_INT_CONVERSION = YES;
				CLANG_WARN_OBJC_ROOT_CLASS = YES_ERROR;
				CLANG_WARN__DUPLICATE_METHOD_MATCH = YES;
				"CODE_SIGN_IDENTITY[sdk=iphoneos*]" = "iPhone Developer";
				COPY_PHASE_STRIP = NO;
				GCC_C_LANGUAGE_STANDARD = gnu99;
				GCC_DYNAMIC_NO_PIC = NO;
				GCC_OPTIMIZATION_LEVEL = 0;
				GCC_PREPROCESSOR_DEFINITIONS = (
					"DEBUG=1",
					"$(inherited)",
				);
				GCC_SYMBOLS_PRIVATE_EXTERN = NO;
				GCC_WARN_64_TO_32_BIT_CONVERSION = YES;
				GCC_WARN_ABOUT_RETURN_TYPE = YES_ERROR;
				GCC_WARN_UNDECLARED_SELECTOR = YES;
				GCC_WARN_UNINITIALIZED_AUTOS = YES_AGGRESSIVE;
				GCC_WARN_UNUSED_FUNCTION = YES;
				GCC_WARN_UNUSED_VARIABLE = YES;
				IPHONEOS_DEPLOYMENT_TARGET = 7.1;
				ONLY_ACTIVE_ARCH = YES;
				SDKROOT = iphoneos;
				TARGETED_DEVICE_FAMILY = "1,2";
			};
			name = Debug;
		};
		183FC64219234606000070F1 /* Release */ = {
			isa = XCBuildConfiguration;
			buildSettings = {
				ALWAYS_SEARCH_USER_PATHS = NO;
				CLANG_CXX_LANGUAGE_STANDARD = "gnu++0x";
				CLANG_CXX_LIBRARY = "libc++";
				CLANG_ENABLE_MODULES = YES;
				CLANG_ENABLE_OBJC_ARC = YES;
				CLANG_WARN_BOOL_CONVERSION = YES;
				CLANG_WARN_CONSTANT_CONVERSION = YES;
				CLANG_WARN_DIRECT_OBJC_ISA_USAGE = YES_ERROR;
				CLANG_WARN_EMPTY_BODY = YES;
				CLANG_WARN_ENUM_CONVERSION = YES;
				CLANG_WARN_INT_CONVERSION = YES;
				CLANG_WARN_OBJC_ROOT_CLASS = YES_ERROR;
				CLANG_WARN__DUPLICATE_METHOD_MATCH = YES;
				"CODE_SIGN_IDENTITY[sdk=iphoneos*]" = "iPhone Developer";
				COPY_PHASE_STRIP = YES;
				ENABLE_NS_ASSERTIONS = NO;
				GCC_C_LANGUAGE_STANDARD = gnu99;
				GCC_WARN_64_TO_32_BIT_CONVERSION = YES;
				GCC_WARN_ABOUT_RETURN_TYPE = YES_ERROR;
				GCC_WARN_UNDECLARED_SELECTOR = YES;
				GCC_WARN_UNINITIALIZED_AUTOS = YES_AGGRESSIVE;
				GCC_WARN_UNUSED_FUNCTION = YES;
				GCC_WARN_UNUSED_VARIABLE = YES;
				IPHONEOS_DEPLOYMENT_TARGET = 7.1;
				SDKROOT = iphoneos;
				TARGETED_DEVICE_FAMILY = "1,2";
				VALIDATE_PRODUCT = YES;
			};
			name = Release;
		};
		183FC64419234606000070F1 /* Debug */ = {
			isa = XCBuildConfiguration;
			baseConfigurationReference = A1C628C9017194A2E94EC425 /* Pods.debug.xcconfig */;
			buildSettings = {
				ASSETCATALOG_COMPILER_APPICON_NAME = AppIcon;
				ASSETCATALOG_COMPILER_LAUNCHIMAGE_NAME = LaunchImage;
				CODE_SIGN_ENTITLEMENTS = EcoaSmarthome/EcoaSmarthome.entitlements;
				CODE_SIGN_IDENTITY = "iPhone Developer";
				"CODE_SIGN_IDENTITY[sdk=iphoneos*]" = "iPhone Developer";
				GCC_PRECOMPILE_PREFIX_HEADER = YES;
				GCC_PREFIX_HEADER = "EcoaSmarthome/EcoaSmarthome-Prefix.pch";
				GCC_PREPROCESSOR_DEFINITIONS = (
					"$(inherited)",
					"COCOAPODS=1",
					"PJ_AUTOCONF=1",
				);
				HEADER_SEARCH_PATHS = (
					"\"${PODS_ROOT}/Headers/Public\"",
					"\"${PODS_ROOT}/Headers/Public/CocoaAsyncSocket\"",
					"\"${PODS_ROOT}/Headers/Public/FMDB\"",
					"/Users/apple/Downloads/pjproject-2.3/pjlib-util/include",
					"/Users/apple/Downloads/pjproject-2.3/pjlib/include",
					"/Users/apple/Downloads/pjproject-2.3/pjmedia/include",
					"/Users/apple/Downloads/pjproject-2.3/pjnath/include",
					"/Users/apple/Downloads/pjproject-2.3/pjsip/include",
					"$(inherited)",
				);
				INFOPLIST_FILE = "EcoaSmarthome/EcoaSmarthome-Info.plist";
				IPHONEOS_DEPLOYMENT_TARGET = 7.1;
				LIBRARY_SEARCH_PATHS = (
					"$(inherited)",
					"$(PROJECT_DIR)",
				);
				ONLY_ACTIVE_ARCH = YES;
				PRODUCT_NAME = "$(TARGET_NAME)";
				PROVISIONING_PROFILE = "";
				SDKROOT = iphoneos7.1;
				TARGETED_DEVICE_FAMILY = "1,2";
				WRAPPER_EXTENSION = app;
			};
			name = Debug;
		};
		183FC64519234606000070F1 /* Release */ = {
			isa = XCBuildConfiguration;
			baseConfigurationReference = 26D48B7B5850D878D1904B71 /* Pods.release.xcconfig */;
			buildSettings = {
				ASSETCATALOG_COMPILER_APPICON_NAME = AppIcon;
				ASSETCATALOG_COMPILER_LAUNCHIMAGE_NAME = LaunchImage;
				CODE_SIGN_ENTITLEMENTS = EcoaSmarthome/EcoaSmarthome.entitlements;
				CODE_SIGN_IDENTITY = "iPhone Developer";
				"CODE_SIGN_IDENTITY[sdk=iphoneos*]" = "iPhone Developer";
				GCC_PRECOMPILE_PREFIX_HEADER = YES;
				GCC_PREFIX_HEADER = "EcoaSmarthome/EcoaSmarthome-Prefix.pch";
				GCC_PREPROCESSOR_DEFINITIONS = (
					"$(inherited)",
					"PJ_AUTOCONF=1",
					"COCOAPODS=1",
				);
				HEADER_SEARCH_PATHS = (
					"\"${PODS_ROOT}/Headers/Public\"",
					"\"${PODS_ROOT}/Headers/Public/CocoaAsyncSocket\"",
					"\"${PODS_ROOT}/Headers/Public/FMDB\"",
					"/Users/apple/Downloads/pjproject-2.3/pjlib-util/include",
					"/Users/apple/Downloads/pjproject-2.3/pjlib/include",
					"/Users/apple/Downloads/pjproject-2.3/pjmedia/include",
					"/Users/apple/Downloads/pjproject-2.3/pjnath/include",
					"/Users/apple/Downloads/pjproject-2.3/pjsip/include",
					"$(inherited)",
				);
				INFOPLIST_FILE = "EcoaSmarthome/EcoaSmarthome-Info.plist";
				IPHONEOS_DEPLOYMENT_TARGET = 7.1;
				LIBRARY_SEARCH_PATHS = (
					"$(inherited)",
					"$(PROJECT_DIR)",
				);
				ONLY_ACTIVE_ARCH = YES;
				PRODUCT_NAME = "$(TARGET_NAME)";
				PROVISIONING_PROFILE = "";
				SDKROOT = iphoneos7.1;
				TARGETED_DEVICE_FAMILY = "1,2";
				WRAPPER_EXTENSION = app;
			};
			name = Release;
		};
		183FC64719234606000070F1 /* Debug */ = {
			isa = XCBuildConfiguration;
			buildSettings = {
				BUNDLE_LOADER = "$(BUILT_PRODUCTS_DIR)/EcoaSmarthome.app/EcoaSmarthome";
				FRAMEWORK_SEARCH_PATHS = (
					"$(SDKROOT)/Developer/Library/Frameworks",
					"$(inherited)",
					"$(DEVELOPER_FRAMEWORKS_DIR)",
				);
				GCC_PRECOMPILE_PREFIX_HEADER = YES;
				GCC_PREFIX_HEADER = "EcoaSmarthome/EcoaSmarthome-Prefix.pch";
				GCC_PREPROCESSOR_DEFINITIONS = (
					"DEBUG=1",
					"$(inherited)",
				);
				INFOPLIST_FILE = "EcoaSmarthomeTests/EcoaSmarthomeTests-Info.plist";
				PRODUCT_NAME = "$(TARGET_NAME)";
				TEST_HOST = "$(BUNDLE_LOADER)";
				WRAPPER_EXTENSION = xctest;
			};
			name = Debug;
		};
		183FC64819234606000070F1 /* Release */ = {
			isa = XCBuildConfiguration;
			buildSettings = {
				BUNDLE_LOADER = "$(BUILT_PRODUCTS_DIR)/EcoaSmarthome.app/EcoaSmarthome";
				FRAMEWORK_SEARCH_PATHS = (
					"$(SDKROOT)/Developer/Library/Frameworks",
					"$(inherited)",
					"$(DEVELOPER_FRAMEWORKS_DIR)",
				);
				GCC_PRECOMPILE_PREFIX_HEADER = YES;
				GCC_PREFIX_HEADER = "EcoaSmarthome/EcoaSmarthome-Prefix.pch";
				INFOPLIST_FILE = "EcoaSmarthomeTests/EcoaSmarthomeTests-Info.plist";
				PRODUCT_NAME = "$(TARGET_NAME)";
				TEST_HOST = "$(BUNDLE_LOADER)";
				WRAPPER_EXTENSION = xctest;
			};
			name = Release;
		};
/* End XCBuildConfiguration section */

/* Begin XCConfigurationList section */
		183FC60919234606000070F1 /* Build configuration list for PBXProject "EcoaSmarthome" */ = {
			isa = XCConfigurationList;
			buildConfigurations = (
				183FC64119234606000070F1 /* Debug */,
				183FC64219234606000070F1 /* Release */,
			);
			defaultConfigurationIsVisible = 0;
			defaultConfigurationName = Release;
		};
		183FC64319234606000070F1 /* Build configuration list for PBXNativeTarget "EcoaSmarthome" */ = {
			isa = XCConfigurationList;
			buildConfigurations = (
				183FC64419234606000070F1 /* Debug */,
				183FC64519234606000070F1 /* Release */,
			);
			defaultConfigurationIsVisible = 0;
			defaultConfigurationName = Release;
		};
		183FC64619234606000070F1 /* Build configuration list for PBXNativeTarget "EcoaSmarthomeTests" */ = {
			isa = XCConfigurationList;
			buildConfigurations = (
				183FC64719234606000070F1 /* Debug */,
				183FC64819234606000070F1 /* Release */,
			);
			defaultConfigurationIsVisible = 0;
			defaultConfigurationName = Release;
		};
/* End XCConfigurationList section */
	};
	rootObject = 183FC60619234606000070F1 /* Project object */;
}
